
Microsoft Visual Studio Solution File, Format Version 12.00
# Visual Studio Version 17
VisualStudioVersion = 17.3.32922.545
MinimumVisualStudioVersion = 10.0.40219.1
Project("{FAE04EC0-301F-11D3-BF4B-00C04F79EFBC}") = "ArchSmarter_Addin_Bootcamp", "ArchSmarter_Addin_Bootcamp\ArchSmarter_Addin_Bootcamp.csproj", "{DA3E73EA-A437-44C9-BB58-C323A27F6999}"
EndProject
Global
	GlobalSection(SolutionConfigurationPlatforms) = preSolution
		Debug|Any CPU = Debug|Any CPU
		Release|Any CPU = Release|Any CPU
	EndGlobalSection
	GlobalSection(ProjectConfigurationPlatforms) = postSolution
		{DA3E73EA-A437-44C9-BB58-C323A27F6999}.Debug|Any CPU.ActiveCfg = Debug|Any CPU
		{DA3E73EA-A437-44C9-BB58-C323A27F6999}.Debug|Any CPU.Build.0 = Debug|Any CPU
		{DA3E73EA-A437-44C9-BB58-C323A27F6999}.Release|Any CPU.ActiveCfg = Release|Any CPU
		{DA3E73EA-A437-44C9-BB58-C323A27F6999}.Release|Any CPU.Build.0 = Release|Any CPU
	EndGlobalSection
	GlobalSection(SolutionProperties) = preSolution
		HideSolutionNode = FALSE
	EndGlobalSection
	GlobalSection(ExtensibilityGlobals) = postSolution
		SolutionGuid = {B01FFAA2-EFF4-4205-9CC4-3C9F2AA688A4}
	EndGlobalSection
EndGlobal
